
Microsoft Visual Studio Solution File, Format Version 11.00
# Visual Studio 2010
Project("{FAE04EC0-301F-11D3-BF4B-00C04F79EFBC}") = "Scorched Earth Remake", "Scorched Earth Remake\Scorched Earth Remake.csproj", "{994065AC-82A6-430D-8736-6AFBF1ADDDEE}"
EndProject
Global
	GlobalSection(SolutionConfigurationPlatforms) = preSolution
		Debug|x86 = Debug|x86
		Release|x86 = Release|x86
	EndGlobalSection
	GlobalSection(ProjectConfigurationPlatforms) = postSolution
		{994065AC-82A6-430D-8736-6AFBF1ADDDEE}.Debug|x86.ActiveCfg = Debug|x86
		{994065AC-82A6-430D-8736-6AFBF1ADDDEE}.Debug|x86.Build.0 = Debug|x86
		{994065AC-82A6-430D-8736-6AFBF1ADDDEE}.Release|x86.ActiveCfg = Release|x86
		{994065AC-82A6-430D-8736-6AFBF1ADDDEE}.Release|x86.Build.0 = Release|x86
	EndGlobalSection
	GlobalSection(SolutionProperties) = preSolution
		HideSolutionNode = FALSE
	EndGlobalSection
EndGlobal
